
Microsoft Visual Studio Solution File, Format Version 12.00
# Visual Studio 2012
Project("{FAE04EC0-301F-11D3-BF4B-00C04F79EFBC}") = "UnityVS.td.CSharp", "UnityVS.td.CSharp.csproj", "{C386C03A-AE91-0969-8C19-9DF64D370497}"
EndProject
Project("{FAE04EC0-301F-11D3-BF4B-00C04F79EFBC}") = "UnityVS.td.CSharp.Editor", "UnityVS.td.CSharp.Editor.csproj", "{FCCE4F5D-BF38-0E37-345A-7AF3E7BA0A6C}"
EndProject
Global
	GlobalSection(SolutionConfigurationPlatforms) = preSolution
		Debug|Any CPU = Debug|Any CPU
		Release|Any CPU = Release|Any CPU
	EndGlobalSection
	GlobalSection(ProjectConfigurationPlatforms) = postSolution
		{C386C03A-AE91-0969-8C19-9DF64D370497}.Debug|Any CPU.ActiveCfg = Debug|Any CPU
		{C386C03A-AE91-0969-8C19-9DF64D370497}.Debug|Any CPU.Build.0 = Debug|Any CPU
		{C386C03A-AE91-0969-8C19-9DF64D370497}.Release|Any CPU.ActiveCfg = Release|Any CPU
		{C386C03A-AE91-0969-8C19-9DF64D370497}.Release|Any CPU.Build.0 = Release|Any CPU
		{FCCE4F5D-BF38-0E37-345A-7AF3E7BA0A6C}.Debug|Any CPU.ActiveCfg = Debug|Any CPU
		{FCCE4F5D-BF38-0E37-345A-7AF3E7BA0A6C}.Debug|Any CPU.Build.0 = Debug|Any CPU
		{FCCE4F5D-BF38-0E37-345A-7AF3E7BA0A6C}.Release|Any CPU.ActiveCfg = Release|Any CPU
		{FCCE4F5D-BF38-0E37-345A-7AF3E7BA0A6C}.Release|Any CPU.Build.0 = Release|Any CPU
	EndGlobalSection
	GlobalSection(SolutionProperties) = preSolution
		HideSolutionNode = FALSE
	EndGlobalSection
EndGlobal
